
Microsoft Visual Studio Solution File, Format Version 12.00
# Visual Studio Version 16
VisualStudioVersion = 16.0.32002.261
MinimumVisualStudioVersion = 10.0.40219.1
Project("{2150E333-8FDC-42A3-9474-1A3956D46DE8}") = "Frontends", "Frontends", "{FD80D0DD-3D6D-4666-A9AB-F8DCCEDBFA90}"
EndProject
Project("{2150E333-8FDC-42A3-9474-1A3956D46DE8}") = "Services", "Services", "{F6E68C0E-93EF-46C5-AE85-3C448CBE8823}"
EndProject
Project("{2150E333-8FDC-42A3-9474-1A3956D46DE8}") = "Shared", "Shared", "{6E8CD537-348E-4ABA-9FF1-BC6426A647F4}"
EndProject
Project("{2150E333-8FDC-42A3-9474-1A3956D46DE8}") = "Guide", "Guide", "{4F599133-1DFD-4BC7-85A9-3F70775AC31F}"
EndProject
Project("{9A19103F-16F7-4668-BE54-9A1E7A4F7556}") = "GuideService.Guide", "Guide\GuideService.Guide\GuideService.Guide.csproj", "{D4795B7F-D65E-4573-9D59-0A178ECD0EBB}"
EndProject
Project("{9A19103F-16F7-4668-BE54-9A1E7A4F7556}") = "Guide.Shared", "Shared\Guide.Shared\Guide.Shared.csproj", "{9194955A-7FF4-4E1C-AE3A-77F525173AAF}"
EndProject
Project("{9A19103F-16F7-4668-BE54-9A1E7A4F7556}") = "Guide.Web", "Frontends\Guide.Web\Guide.Web.csproj", "{636B2131-29E1-40A4-9E42-C0D1666AECC9}"
EndProject
Project("{9A19103F-16F7-4668-BE54-9A1E7A4F7556}") = "GuideService.Report", "Guide\GuideService.Report\GuideService.Report.csproj", "{E3BBD09B-B51B-4390-BE0B-EB8019BCF774}"
EndProject
Project("{2150E333-8FDC-42A3-9474-1A3956D46DE8}") = "Solution Items", "Solution Items", "{B2689E70-8A44-45A3-8198-6D5FEA1CD5C6}"
	ProjectSection(SolutionItems) = preProject
		readme.md = readme.md
	EndProjectSection
EndProject
Project("{2150E333-8FDC-42A3-9474-1A3956D46DE8}") = "Tests", "Tests", "{CC664A50-035C-494F-9AA2-7ED60062B88D}"
EndProject
Project("{FAE04EC0-301F-11D3-BF4B-00C04F79EFBC}") = "GuideTest.GuideServiceTest", "Tests\GuideTest.GuideServiceTest\GuideTest.GuideServiceTest.csproj", "{DF805ED6-1C43-46B7-AA3C-38BC043B8606}"
EndProject
Global
	GlobalSection(SolutionConfigurationPlatforms) = preSolution
		Debug|Any CPU = Debug|Any CPU
		Release|Any CPU = Release|Any CPU
	EndGlobalSection
	GlobalSection(ProjectConfigurationPlatforms) = postSolution
		{D4795B7F-D65E-4573-9D59-0A178ECD0EBB}.Debug|Any CPU.ActiveCfg = Debug|Any CPU
		{D4795B7F-D65E-4573-9D59-0A178ECD0EBB}.Debug|Any CPU.Build.0 = Debug|Any CPU
		{D4795B7F-D65E-4573-9D59-0A178ECD0EBB}.Release|Any CPU.ActiveCfg = Release|Any CPU
		{D4795B7F-D65E-4573-9D59-0A178ECD0EBB}.Release|Any CPU.Build.0 = Release|Any CPU
		{9194955A-7FF4-4E1C-AE3A-77F525173AAF}.Debug|Any CPU.ActiveCfg = Debug|Any CPU
		{9194955A-7FF4-4E1C-AE3A-77F525173AAF}.Debug|Any CPU.Build.0 = Debug|Any CPU
		{9194955A-7FF4-4E1C-AE3A-77F525173AAF}.Release|Any CPU.ActiveCfg = Release|Any CPU
		{9194955A-7FF4-4E1C-AE3A-77F525173AAF}.Release|Any CPU.Build.0 = Release|Any CPU
		{636B2131-29E1-40A4-9E42-C0D1666AECC9}.Debug|Any CPU.ActiveCfg = Debug|Any CPU
		{636B2131-29E1-40A4-9E42-C0D1666AECC9}.Debug|Any CPU.Build.0 = Debug|Any CPU
		{636B2131-29E1-40A4-9E42-C0D1666AECC9}.Release|Any CPU.ActiveCfg = Release|Any CPU
		{636B2131-29E1-40A4-9E42-C0D1666AECC9}.Release|Any CPU.Build.0 = Release|Any CPU
		{E3BBD09B-B51B-4390-BE0B-EB8019BCF774}.Debug|Any CPU.ActiveCfg = Debug|Any CPU
		{E3BBD09B-B51B-4390-BE0B-EB8019BCF774}.Debug|Any CPU.Build.0 = Debug|Any CPU
		{E3BBD09B-B51B-4390-BE0B-EB8019BCF774}.Release|Any CPU.ActiveCfg = Release|Any CPU
		{E3BBD09B-B51B-4390-BE0B-EB8019BCF774}.Release|Any CPU.Build.0 = Release|Any CPU
		{DF805ED6-1C43-46B7-AA3C-38BC043B8606}.Debug|Any CPU.ActiveCfg = Debug|Any CPU
		{DF805ED6-1C43-46B7-AA3C-38BC043B8606}.Debug|Any CPU.Build.0 = Debug|Any CPU
		{DF805ED6-1C43-46B7-AA3C-38BC043B8606}.Release|Any CPU.ActiveCfg = Release|Any CPU
		{DF805ED6-1C43-46B7-AA3C-38BC043B8606}.Release|Any CPU.Build.0 = Release|Any CPU
	EndGlobalSection
	GlobalSection(SolutionProperties) = preSolution
		HideSolutionNode = FALSE
	EndGlobalSection
	GlobalSection(NestedProjects) = preSolution
		{4F599133-1DFD-4BC7-85A9-3F70775AC31F} = {F6E68C0E-93EF-46C5-AE85-3C448CBE8823}
		{D4795B7F-D65E-4573-9D59-0A178ECD0EBB} = {4F599133-1DFD-4BC7-85A9-3F70775AC31F}
		{9194955A-7FF4-4E1C-AE3A-77F525173AAF} = {6E8CD537-348E-4ABA-9FF1-BC6426A647F4}
		{636B2131-29E1-40A4-9E42-C0D1666AECC9} = {FD80D0DD-3D6D-4666-A9AB-F8DCCEDBFA90}
		{E3BBD09B-B51B-4390-BE0B-EB8019BCF774} = {4F599133-1DFD-4BC7-85A9-3F70775AC31F}
		{DF805ED6-1C43-46B7-AA3C-38BC043B8606} = {CC664A50-035C-494F-9AA2-7ED60062B88D}
	EndGlobalSection
	GlobalSection(ExtensibilityGlobals) = postSolution
		SolutionGuid = {7A9133D4-7DBF-49A2-AA9C-AEDA14CBE4A2}
	EndGlobalSection
EndGlobal
